// !$*UTF8*$!
{
	archiveVersion = 1;
	classes = {
	};
	objectVersion = 55;
	objects = {

/* Begin PBXBuildFile section */
		77C3A4CB2893735E0037D4EC /* AppDelegate.swift in Sources */ = {isa = PBXBuildFile; fileRef = 77C3A4CA2893735E0037D4EC /* AppDelegate.swift */; };
		77C3A4CD2893735E0037D4EC /* SceneDelegate.swift in Sources */ = {isa = PBXBuildFile; fileRef = 77C3A4CC2893735E0037D4EC /* SceneDelegate.swift */; };
		77C3A4CF2893735E0037D4EC /* ViewController.swift in Sources */ = {isa = PBXBuildFile; fileRef = 77C3A4CE2893735E0037D4EC /* ViewController.swift */; };
		77C3A4D22893735E0037D4EC /* Main.storyboard in Resources */ = {isa = PBXBuildFile; fileRef = 77C3A4D02893735E0037D4EC /* Main.storyboard */; };
		77C3A4D4289373610037D4EC /* Assets.xcassets in Resources */ = {isa = PBXBuildFile; fileRef = 77C3A4D3289373610037D4EC /* Assets.xcassets */; };
		77C3A4D7289373610037D4EC /* LaunchScreen.storyboard in Resources */ = {isa = PBXBuildFile; fileRef = 77C3A4D5289373610037D4EC /* LaunchScreen.storyboard */; };
		77C3A4E2289373620037D4EC /* Day03_PlayLocalVideoTests.swift in Sources */ = {isa = PBXBuildFile; fileRef = 77C3A4E1289373620037D4EC /* Day03_PlayLocalVideoTests.swift */; };
		77C3A4EC289373620037D4EC /* Day03_PlayLocalVideoUITests.swift in Sources */ = {isa = PBXBuildFile; fileRef = 77C3A4EB289373620037D4EC /* Day03_PlayLocalVideoUITests.swift */; };
		77C3A4EE289373620037D4EC /* Day03_PlayLocalVideoUITestsLaunchTests.swift in Sources */ = {isa = PBXBuildFile; fileRef = 77C3A4ED289373620037D4EC /* Day03_PlayLocalVideoUITestsLaunchTests.swift */; };
		77C3A4FB289375BA0037D4EC /* VideoCell.swift in Sources */ = {isa = PBXBuildFile; fileRef = 77C3A4FA289375BA0037D4EC /* VideoCell.swift */; };
		77C3A4FE289383530037D4EC /* emojizone.mp4 in Resources */ = {isa = PBXBuildFile; fileRef = 77C3A4FD289383530037D4EC /* emojizone.mp4 */; };
/* End PBXBuildFile section */

/* Begin PBXContainerItemProxy section */
		77C3A4DE289373620037D4EC /* PBXContainerItemProxy */ = {
			isa = PBXContainerItemProxy;
			containerPortal = 77C3A4BF2893735E0037D4EC /* Project object */;
			proxyType = 1;
			remoteGlobalIDString = 77C3A4C62893735E0037D4EC;
			remoteInfo = "Day03-PlayLocalVideo";
		};
		77C3A4E8289373620037D4EC /* PBXContainerItemProxy */ = {
			isa = PBXContainerItemProxy;
			containerPortal = 77C3A4BF2893735E0037D4EC /* Project object */;
			proxyType = 1;
			remoteGlobalIDString = 77C3A4C62893735E0037D4EC;
			remoteInfo = "Day03-PlayLocalVideo";
		};
/* End PBXContainerItemProxy section */

/* Begin PBXFileReference section */
		77C3A4C72893735E0037D4EC /* Day03-PlayLocalVideo.app */ = {isa = PBXFileReference; explicitFileType = wrapper.application; includeInIndex = 0; path = "Day03-PlayLocalVideo.app"; sourceTree = BUILT_PRODUCTS_DIR; };
		77C3A4CA2893735E0037D4EC /* AppDelegate.swift */ = {isa = PBXFileReference; lastKnownFileType = sourcecode.swift; path = AppDelegate.swift; sourceTree = "<group>"; };
		77C3A4CC2893735E0037D4EC /* SceneDelegate.swift */ = {isa = PBXFileReference; lastKnownFileType = sourcecode.swift; path = SceneDelegate.swift; sourceTree = "<group>"; };
		77C3A4CE2893735E0037D4EC /* ViewController.swift */ = {isa = PBXFileReference; lastKnownFileType = sourcecode.swift; path = ViewController.swift; sourceTree = "<group>"; };
		77C3A4D12893735E0037D4EC /* Base */ = {isa = PBXFileReference; lastKnownFileType = file.storyboard; name = Base; path = Base.lproj/Main.storyboard; sourceTree = "<group>"; };
		77C3A4D3289373610037D4EC /* Assets.xcassets */ = {isa = PBXFileReference; lastKnownFileType = folder.assetcatalog; path = Assets.xcassets; sourceTree = "<group>"; };
		77C3A4D6289373610037D4EC /* Base */ = {isa = PBXFileReference; lastKnownFileType = file.storyboard; name = Base; path = Base.lproj/LaunchScreen.storyboard; sourceTree = "<group>"; };
		77C3A4D8289373610037D4EC /* Info.plist */ = {isa = PBXFileReference; lastKnownFileType = text.plist.xml; path = Info.plist; sourceTree = "<group>"; };
		77C3A4DD289373620037D4EC /* Day03-PlayLocalVideoTests.xctest */ = {isa = PBXFileReference; explicitFileType = wrapper.cfbundle; includeInIndex = 0; path = "Day03-PlayLocalVideoTests.xctest"; sourceTree = BUILT_PRODUCTS_DIR; };
		77C3A4E1289373620037D4EC /* Day03_PlayLocalVideoTests.swift */ = {isa = PBXFileReference; lastKnownFileType = sourcecode.swift; path = Day03_PlayLocalVideoTests.swift; sourceTree = "<group>"; };
		77C3A4E7289373620037D4EC /* Day03-PlayLocalVideoUITests.xctest */ = {isa = PBXFileReference; explicitFileType = wrapper.cfbundle; includeInIndex = 0; path = "Day03-PlayLocalVideoUITests.xctest"; sourceTree = BUILT_PRODUCTS_DIR; };
		77C3A4EB289373620037D4EC /* Day03_PlayLocalVideoUITests.swift */ = {isa = PBXFileReference; lastKnownFileType = sourcecode.swift; path = Day03_PlayLocalVideoUITests.swift; sourceTree = "<group>"; };
		77C3A4ED289373620037D4EC /* Day03_PlayLocalVideoUITestsLaunchTests.swift */ = {isa = PBXFileReference; lastKnownFileType = sourcecode.swift; path = Day03_PlayLocalVideoUITestsLaunchTests.swift; sourceTree = "<group>"; };
		77C3A4FA289375BA0037D4EC /* VideoCell.swift */ = {isa = PBXFileReference; lastKnownFileType = sourcecode.swift; path = VideoCell.swift; sourceTree = "<group>"; };
		77C3A4FD289383530037D4EC /* emojizone.mp4 */ = {isa = PBXFileReference; lastKnownFileType = file; path = emojizone.mp4; sourceTree = "<group>"; };
/* End PBXFileReference section */

/* Begin PBXFrameworksBuildPhase section */
		77C3A4C42893735E0037D4EC /* Frameworks */ = {
			isa = PBXFrameworksBuildPhase;
			buildActionMask = 2147483647;
			files = (
			);
			runOnlyForDeploymentPostprocessing = 0;
		};
		77C3A4DA289373620037D4EC /* Frameworks */ = {
			isa = PBXFrameworksBuildPhase;
			buildActionMask = 2147483647;
			files = (
			);
			runOnlyForDeploymentPostprocessing = 0;
		};
		77C3A4E4289373620037D4EC /* Frameworks */ = {
			isa = PBXFrameworksBuildPhase;
			buildActionMask = 2147483647;
			files = (
			);
			runOnlyForDeploymentPostprocessing = 0;
		};
/* End PBXFrameworksBuildPhase section */

/* Begin PBXGroup section */
		77C3A4BE2893735E0037D4EC = {
			isa = PBXGroup;
			children = (
				77C3A4C92893735E0037D4EC /* Day03-PlayLocalVideo */,
				77C3A4E0289373620037D4EC /* Day03-PlayLocalVideoTests */,
				77C3A4EA289373620037D4EC /* Day03-PlayLocalVideoUITests */,
				77C3A4C82893735E0037D4EC /* Products */,
			);
			sourceTree = "<group>";
		};
		77C3A4C82893735E0037D4EC /* Products */ = {
			isa = PBXGroup;
			children = (
				77C3A4C72893735E0037D4EC /* Day03-PlayLocalVideo.app */,
				77C3A4DD289373620037D4EC /* Day03-PlayLocalVideoTests.xctest */,
				77C3A4E7289373620037D4EC /* Day03-PlayLocalVideoUITests.xctest */,
			);
			name = Products;
			sourceTree = "<group>";
		};
		77C3A4C92893735E0037D4EC /* Day03-PlayLocalVideo */ = {
			isa = PBXGroup;
			children = (
				77C3A4CA2893735E0037D4EC /* AppDelegate.swift */,
				77C3A4CC2893735E0037D4EC /* SceneDelegate.swift */,
				77C3A4CE2893735E0037D4EC /* ViewController.swift */,
				77C3A4FA289375BA0037D4EC /* VideoCell.swift */,
				77C3A4FD289383530037D4EC /* emojizone.mp4 */,
				77C3A4D02893735E0037D4EC /* Main.storyboard */,
				77C3A4D3289373610037D4EC /* Assets.xcassets */,
				77C3A4D5289373610037D4EC /* LaunchScreen.storyboard */,
				77C3A4D8289373610037D4EC /* Info.plist */,
			);
			path = "Day03-PlayLocalVideo";
			sourceTree = "<group>";
		};
		77C3A4E0289373620037D4EC /* Day03-PlayLocalVideoTests */ = {
			isa = PBXGroup;
			children = (
				77C3A4E1289373620037D4EC /* Day03_PlayLocalVideoTests.swift */,
			);
			path = "Day03-PlayLocalVideoTests";
			sourceTree = "<group>";
		};
		77C3A4EA289373620037D4EC /* Day03-PlayLocalVideoUITests */ = {
			isa = PBXGroup;
			children = (
				77C3A4EB289373620037D4EC /* Day03_PlayLocalVideoUITests.swift */,
				77C3A4ED289373620037D4EC /* Day03_PlayLocalVideoUITestsLaunchTests.swift */,
			);
			path = "Day03-PlayLocalVideoUITests";
			sourceTree = "<group>";
		};
/* End PBXGroup section */

/* Begin PBXNativeTarget section */
		77C3A4C62893735E0037D4EC /* Day03-PlayLocalVideo */ = {
			isa = PBXNativeTarget;
			buildConfigurationList = 77C3A4F1289373620037D4EC /* Build configuration list for PBXNativeTarget "Day03-PlayLocalVideo" */;
			buildPhases = (
				77C3A4C32893735E0037D4EC /* Sources */,
				77C3A4C42893735E0037D4EC /* Frameworks */,
				77C3A4C52893735E0037D4EC /* Resources */,
			);
			buildRules = (
			);
			dependencies = (
			);
			name = "Day03-PlayLocalVideo";
			productName = "Day03-PlayLocalVideo";
			productReference = 77C3A4C72893735E0037D4EC /* Day03-PlayLocalVideo.app */;
			productType = "com.apple.product-type.application";
		};
		77C3A4DC289373620037D4EC /* Day03-PlayLocalVideoTests */ = {
			isa = PBXNativeTarget;
			buildConfigurationList = 77C3A4F4289373620037D4EC /* Build configuration list for PBXNativeTarget "Day03-PlayLocalVideoTests" */;
			buildPhases = (
				77C3A4D9289373620037D4EC /* Sources */,
				77C3A4DA289373620037D4EC /* Frameworks */,
				77C3A4DB289373620037D4EC /* Resources */,
			);
			buildRules = (
			);
			dependencies = (
				77C3A4DF289373620037D4EC /* PBXTargetDependency */,
			);
			name = "Day03-PlayLocalVideoTests";
			productName = "Day03-PlayLocalVideoTests";
			productReference = 77C3A4DD289373620037D4EC /* Day03-PlayLocalVideoTests.xctest */;
			productType = "com.apple.product-type.bundle.unit-test";
		};
		77C3A4E6289373620037D4EC /* Day03-PlayLocalVideoUITests */ = {
			isa = PBXNativeTarget;
			buildConfigurationList = 77C3A4F7289373620037D4EC /* Build configuration list for PBXNativeTarget "Day03-PlayLocalVideoUITests" */;
			buildPhases = (
				77C3A4E3289373620037D4EC /* Sources */,
				77C3A4E4289373620037D4EC /* Frameworks */,
				77C3A4E5289373620037D4EC /* Resources */,
			);
			buildRules = (
			);
			dependencies = (
				77C3A4E9289373620037D4EC /* PBXTargetDependency */,
			);
			name = "Day03-PlayLocalVideoUITests";
			productName = "Day03-PlayLocalVideoUITests";
			productReference = 77C3A4E7289373620037D4EC /* Day03-PlayLocalVideoUITests.xctest */;
			productType = "com.apple.product-type.bundle.ui-testing";
		};
/* End PBXNativeTarget section */

/* Begin PBXProject section */
		77C3A4BF2893735E0037D4EC /* Project object */ = {
			isa = PBXProject;
			attributes = {
				BuildIndependentTargetsInParallel = 1;
				LastSwiftUpdateCheck = 1320;
				LastUpgradeCheck = 1320;
				TargetAttributes = {
					77C3A4C62893735E0037D4EC = {
						CreatedOnToolsVersion = 13.2.1;
					};
					77C3A4DC289373620037D4EC = {
						CreatedOnToolsVersion = 13.2.1;
						TestTargetID = 77C3A4C62893735E0037D4EC;
					};
					77C3A4E6289373620037D4EC = {
						CreatedOnToolsVersion = 13.2.1;
						TestTargetID = 77C3A4C62893735E0037D4EC;
					};
				};
			};
			buildConfigurationList = 77C3A4C22893735E0037D4EC /* Build configuration list for PBXProject "Day03-PlayLocalVideo" */;
			compatibilityVersion = "Xcode 13.0";
			developmentRegion = en;
			hasScannedForEncodings = 0;
			knownRegions = (
				en,
				Base,
			);
			mainGroup = 77C3A4BE2893735E0037D4EC;
			productRefGroup = 77C3A4C82893735E0037D4EC /* Products */;
			projectDirPath = "";
			projectRoot = "";
			targets = (
				77C3A4C62893735E0037D4EC /* Day03-PlayLocalVideo */,
				77C3A4DC289373620037D4EC /* Day03-PlayLocalVideoTests */,
				77C3A4E6289373620037D4EC /* Day03-PlayLocalVideoUITests */,
			);
		};
/* End PBXProject section */

/* Begin PBXResourcesBuildPhase section */
		77C3A4C52893735E0037D4EC /* Resources */ = {
			isa = PBXResourcesBuildPhase;
			buildActionMask = 2147483647;
			files = (
				77C3A4FE289383530037D4EC /* emojizone.mp4 in Resources */,
				77C3A4D7289373610037D4EC /* LaunchScreen.storyboard in Resources */,
				77C3A4D4289373610037D4EC /* Assets.xcassets in Resources */,
				77C3A4D22893735E0037D4EC /* Main.storyboard in Resources */,
			);
			runOnlyForDeploymentPostprocessing = 0;
		};
		77C3A4DB289373620037D4EC /* Resources */ = {
			isa = PBXResourcesBuildPhase;
			buildActionMask = 2147483647;
			files = (
			);
			runOnlyForDeploymentPostprocessing = 0;
		};
		77C3A4E5289373620037D4EC /* Resources */ = {
			isa = PBXResourcesBuildPhase;
			buildActionMask = 2147483647;
			files = (
			);
			runOnlyForDeploymentPostprocessing = 0;
		};
/* End PBXResourcesBuildPhase section */

/* Begin PBXSourcesBuildPhase section */
		77C3A4C32893735E0037D4EC /* Sources */ = {
			isa = PBXSourcesBuildPhase;
			buildActionMask = 2147483647;
			files = (
				77C3A4CF2893735E0037D4EC /* ViewController.swift in Sources */,
				77C3A4FB289375BA0037D4EC /* VideoCell.swift in Sources */,
				77C3A4CB2893735E0037D4EC /* AppDelegate.swift in Sources */,
				77C3A4CD2893735E0037D4EC /* SceneDelegate.swift in Sources */,
			);
			runOnlyForDeploymentPostprocessing = 0;
		};
		77C3A4D9289373620037D4EC /* Sources */ = {
			isa = PBXSourcesBuildPhase;
			buildActionMask = 2147483647;
			files = (
				77C3A4E2289373620037D4EC /* Day03_PlayLocalVideoTests.swift in Sources */,
			);
			runOnlyForDeploymentPostprocessing = 0;
		};
		77C3A4E3289373620037D4EC /* Sources */ = {
			isa = PBXSourcesBuildPhase;
			buildActionMask = 2147483647;
			files = (
				77C3A4EE289373620037D4EC /* Day03_PlayLocalVideoUITestsLaunchTests.swift in Sources */,
				77C3A4EC289373620037D4EC /* Day03_PlayLocalVideoUITests.swift in Sources */,
			);
			runOnlyForDeploymentPostprocessing = 0;
		};
/* End PBXSourcesBuildPhase section */

/* Begin PBXTargetDependency section */
		77C3A4DF289373620037D4EC /* PBXTargetDependency */ = {
			isa = PBXTargetDependency;
			target = 77C3A4C62893735E0037D4EC /* Day03-PlayLocalVideo */;
			targetProxy = 77C3A4DE289373620037D4EC /* PBXContainerItemProxy */;
		};
		77C3A4E9289373620037D4EC /* PBXTargetDependency */ = {
			isa = PBXTargetDependency;
			target = 77C3A4C62893735E0037D4EC /* Day03-PlayLocalVideo */;
			targetProxy = 77C3A4E8289373620037D4EC /* PBXContainerItemProxy */;
		};
/* End PBXTargetDependency section */

/* Begin PBXVariantGroup section */
		77C3A4D02893735E0037D4EC /* Main.storyboard */ = {
			isa = PBXVariantGroup;
			children = (
				77C3A4D12893735E0037D4EC /* Base */,
			);
			name = Main.storyboard;
			sourceTree = "<group>";
		};
		77C3A4D5289373610037D4EC /* LaunchScreen.storyboard */ = {
			isa = PBXVariantGroup;
			children = (
				77C3A4D6289373610037D4EC /* Base */,
			);
			name = LaunchScreen.storyboard;
			sourceTree = "<group>";
		};
/* End PBXVariantGroup section */

/* Begin XCBuildConfiguration section */
		77C3A4EF289373620037D4EC /* Debug */ = {
			isa = XCBuildConfiguration;
			buildSettings = {
				ALWAYS_SEARCH_USER_PATHS = NO;
				CLANG_ANALYZER_NONNULL = YES;
				CLANG_ANALYZER_NUMBER_OBJECT_CONVERSION = YES_AGGRESSIVE;
				CLANG_CXX_LANGUAGE_STANDARD = "gnu++17";
				CLANG_CXX_LIBRARY = "libc++";
				CLANG_ENABLE_MODULES = YES;
				CLANG_ENABLE_OBJC_ARC = YES;
				CLANG_ENABLE_OBJC_WEAK = YES;
				CLANG_WARN_BLOCK_CAPTURE_AUTORELEASING = YES;
				CLANG_WARN_BOOL_CONVERSION = YES;
				CLANG_WARN_COMMA = YES;
				CLANG_WARN_CONSTANT_CONVERSION = YES;
				CLANG_WARN_DEPRECATED_OBJC_IMPLEMENTATIONS = YES;
				CLANG_WARN_DIRECT_OBJC_ISA_USAGE = YES_ERROR;
				CLANG_WARN_DOCUMENTATION_COMMENTS = YES;
				CLANG_WARN_EMPTY_BODY = YES;
				CLANG_WARN_ENUM_CONVERSION = YES;
				CLANG_WARN_INFINITE_RECURSION = YES;
				CLANG_WARN_INT_CONVERSION = YES;
				CLANG_WARN_NON_LITERAL_NULL_CONVERSION = YES;
				CLANG_WARN_OBJC_IMPLICIT_RETAIN_SELF = YES;
				CLANG_WARN_OBJC_LITERAL_CONVERSION = YES;
				CLANG_WARN_OBJC_ROOT_CLASS = YES_ERROR;
				CLANG_WARN_QUOTED_INCLUDE_IN_FRAMEWORK_HEADER = YES;
				CLANG_WARN_RANGE_LOOP_ANALYSIS = YES;
				CLANG_WARN_STRICT_PROTOTYPES = YES;
				CLANG_WARN_SUSPICIOUS_MOVE = YES;
				CLANG_WARN_UNGUARDED_AVAILABILITY = YES_AGGRESSIVE;
				CLANG_WARN_UNREACHABLE_CODE = YES;
				CLANG_WARN__DUPLICATE_METHOD_MATCH = YES;
				COPY_PHASE_STRIP = NO;
				DEBUG_INFORMATION_FORMAT = dwarf;
				ENABLE_STRICT_OBJC_MSGSEND = YES;
				ENABLE_TESTABILITY = YES;
				GCC_C_LANGUAGE_STANDARD = gnu11;
				GCC_DYNAMIC_NO_PIC = NO;
				GCC_NO_COMMON_BLOCKS = YES;
				GCC_OPTIMIZATION_LEVEL = 0;
				GCC_PREPROCESSOR_DEFINITIONS = (
					"DEBUG=1",
					"$(inherited)",
				);
				GCC_WARN_64_TO_32_BIT_CONVERSION = YES;
				GCC_WARN_ABOUT_RETURN_TYPE = YES_ERROR;
				GCC_WARN_UNDECLARED_SELECTOR = YES;
				GCC_WARN_UNINITIALIZED_AUTOS = YES_AGGRESSIVE;
				GCC_WARN_UNUSED_FUNCTION = YES;
				GCC_WARN_UNUSED_VARIABLE = YES;
				IPHONEOS_DEPLOYMENT_TARGET = 13.0;
				MTL_ENABLE_DEBUG_INFO = INCLUDE_SOURCE;
				MTL_FAST_MATH = YES;
				ONLY_ACTIVE_ARCH = YES;
				SDKROOT = iphoneos;
				SWIFT_ACTIVE_COMPILATION_CONDITIONS = DEBUG;
				SWIFT_OPTIMIZATION_LEVEL = "-Onone";
			};
			name = Debug;
		};
		77C3A4F0289373620037D4EC /* Release */ = {
			isa = XCBuildConfiguration;
			buildSettings = {
				ALWAYS_SEARCH_USER_PATHS = NO;
				CLANG_ANALYZER_NONNULL = YES;
				CLANG_ANALYZER_NUMBER_OBJECT_CONVERSION = YES_AGGRESSIVE;
				CLANG_CXX_LANGUAGE_STANDARD = "gnu++17";
				CLANG_CXX_LIBRARY = "libc++";
				CLANG_ENABLE_MODULES = YES;
				CLANG_ENABLE_OBJC_ARC = YES;
				CLANG_ENABLE_OBJC_WEAK = YES;
				CLANG_WARN_BLOCK_CAPTURE_AUTORELEASING = YES;
				CLANG_WARN_BOOL_CONVERSION = YES;
				CLANG_WARN_COMMA = YES;
				CLANG_WARN_CONSTANT_CONVERSION = YES;
				CLANG_WARN_DEPRECATED_OBJC_IMPLEMENTATIONS = YES;
				CLANG_WARN_DIRECT_OBJC_ISA_USAGE = YES_ERROR;
				CLANG_WARN_DOCUMENTATION_COMMENTS = YES;
				CLANG_WARN_EMPTY_BODY = YES;
				CLANG_WARN_ENUM_CONVERSION = YES;
				CLANG_WARN_INFINITE_RECURSION = YES;
				CLANG_WARN_INT_CONVERSION = YES;
				CLANG_WARN_NON_LITERAL_NULL_CONVERSION = YES;
				CLANG_WARN_OBJC_IMPLICIT_RETAIN_SELF = YES;
				CLANG_WARN_OBJC_LITERAL_CONVERSION = YES;
				CLANG_WARN_OBJC_ROOT_CLASS = YES_ERROR;
				CLANG_WARN_QUOTED_INCLUDE_IN_FRAMEWORK_HEADER = YES;
				CLANG_WARN_RANGE_LOOP_ANALYSIS = YES;
				CLANG_WARN_STRICT_PROTOTYPES = YES;
				CLANG_WARN_SUSPICIOUS_MOVE = YES;
				CLANG_WARN_UNGUARDED_AVAILABILITY = YES_AGGRESSIVE;
				CLANG_WARN_UNREACHABLE_CODE = YES;
				CLANG_WARN__DUPLICATE_METHOD_MATCH = YES;
				COPY_PHASE_STRIP = NO;
				DEBUG_INFORMATION_FORMAT = "dwarf-with-dsym";
				ENABLE_NS_ASSERTIONS = NO;
				ENABLE_STRICT_OBJC_MSGSEND = YES;
				GCC_C_LANGUAGE_STANDARD = gnu11;
				GCC_NO_COMMON_BLOCKS = YES;
				GCC_WARN_64_TO_32_BIT_CONVERSION = YES;
				GCC_WARN_ABOUT_RETURN_TYPE = YES_ERROR;
				GCC_WARN_UNDECLARED_SELECTOR = YES;
				GCC_WARN_UNINITIALIZED_AUTOS = YES_AGGRESSIVE;
				GCC_WARN_UNUSED_FUNCTION = YES;
				GCC_WARN_UNUSED_VARIABLE = YES;
				IPHONEOS_DEPLOYMENT_TARGET = 13.0;
				MTL_ENABLE_DEBUG_INFO = NO;
				MTL_FAST_MATH = YES;
				SDKROOT = iphoneos;
				SWIFT_COMPILATION_MODE = wholemodule;
				SWIFT_OPTIMIZATION_LEVEL = "-O";
				VALIDATE_PRODUCT = YES;
			};
			name = Release;
		};
		77C3A4F2289373620037D4EC /* Debug */ = {
			isa = XCBuildConfiguration;
			buildSettings = {
				ASSETCATALOG_COMPILER_APPICON_NAME = AppIcon;
				ASSETCATALOG_COMPILER_GLOBAL_ACCENT_COLOR_NAME = AccentColor;
				CODE_SIGN_STYLE = Automatic;
				CURRENT_PROJECT_VERSION = 1;
				DEVELOPMENT_TEAM = 66M88PL895;
				GENERATE_INFOPLIST_FILE = YES;
				INFOPLIST_FILE = "Day03-PlayLocalVideo/Info.plist";
				INFOPLIST_KEY_UIApplicationSupportsIndirectInputEvents = YES;
				INFOPLIST_KEY_UILaunchStoryboardName = LaunchScreen;
				INFOPLIST_KEY_UIMainStoryboardFile = Main;
				INFOPLIST_KEY_UISupportedInterfaceOrientations_iPad = "UIInterfaceOrientationPortrait UIInterfaceOrientationPortraitUpsideDown UIInterfaceOrientationLandscapeLeft UIInterfaceOrientationLandscapeRight";
				INFOPLIST_KEY_UISupportedInterfaceOrientations_iPhone = "UIInterfaceOrientationPortrait UIInterfaceOrientationLandscapeLeft UIInterfaceOrientationLandscapeRight";
				IPHONEOS_DEPLOYMENT_TARGET = 13.0;
				LD_RUNPATH_SEARCH_PATHS = (
					"$(inherited)",
					"@executable_path/Frameworks",
				);
				MARKETING_VERSION = 1.0;
				PRODUCT_BUNDLE_IDENTIFIER = com.lgh.test;
				PRODUCT_NAME = "$(TARGET_NAME)";
				SWIFT_EMIT_LOC_STRINGS = YES;
				SWIFT_VERSION = 5.0;
				TARGETED_DEVICE_FAMILY = "1,2";
			};
			name = Debug;
		};
		77C3A4F3289373620037D4EC /* Release */ = {
			isa = XCBuildConfiguration;
			buildSettings = {
				ASSETCATALOG_COMPILER_APPICON_NAME = AppIcon;
				ASSETCATALOG_COMPILER_GLOBAL_ACCENT_COLOR_NAME = AccentColor;
				CODE_SIGN_STYLE = Automatic;
				CURRENT_PROJECT_VERSION = 1;
				DEVELOPMENT_TEAM = 66M88PL895;
				GENERATE_INFOPLIST_FILE = YES;
				INFOPLIST_FILE = "Day03-PlayLocalVideo/Info.plist";
				INFOPLIST_KEY_UIApplicationSupportsIndirectInputEvents = YES;
				INFOPLIST_KEY_UILaunchStoryboardName = LaunchScreen;
				INFOPLIST_KEY_UIMainStoryboardFile = Main;
				INFOPLIST_KEY_UISupportedInterfaceOrientations_iPad = "UIInterfaceOrientationPortrait UIInterfaceOrientationPortraitUpsideDown UIInterfaceOrientationLandscapeLeft UIInterfaceOrientationLandscapeRight";
				INFOPLIST_KEY_UISupportedInterfaceOrientations_iPhone = "UIInterfaceOrientationPortrait UIInterfaceOrientationLandscapeLeft UIInterfaceOrientationLandscapeRight";
				IPHONEOS_DEPLOYMENT_TARGET = 13.0;
				LD_RUNPATH_SEARCH_PATHS = (
					"$(inherited)",
					"@executable_path/Frameworks",
				);
				MARKETING_VERSION = 1.0;
				PRODUCT_BUNDLE_IDENTIFIER = com.lgh.test;
				PRODUCT_NAME = "$(TARGET_NAME)";
				SWIFT_EMIT_LOC_STRINGS = YES;
				SWIFT_VERSION = 5.0;
				TARGETED_DEVICE_FAMILY = "1,2";
			};
			name = Release;
		};
		77C3A4F5289373620037D4EC /* Debug */ = {
			isa = XCBuildConfiguration;
			buildSettings = {
				ALWAYS_EMBED_SWIFT_STANDARD_LIBRARIES = YES;
				BUNDLE_LOADER = "$(TEST_HOST)";
				CODE_SIGN_STYLE = Automatic;
				CURRENT_PROJECT_VERSION = 1;
				DEVELOPMENT_TEAM = 943K6F85NQ;
				GENERATE_INFOPLIST_FILE = YES;
				IPHONEOS_DEPLOYMENT_TARGET = 15.2;
				MARKETING_VERSION = 1.0;
				PRODUCT_BUNDLE_IDENTIFIER = "com.lgh.Day03-PlayLocalVideoTests";
				PRODUCT_NAME = "$(TARGET_NAME)";
				SWIFT_EMIT_LOC_STRINGS = NO;
				SWIFT_VERSION = 5.0;
				TARGETED_DEVICE_FAMILY = "1,2";
				TEST_HOST = "$(BUILT_PRODUCTS_DIR)/Day03-PlayLocalVideo.app/Day03-PlayLocalVideo";
			};
			name = Debug;
		};
		77C3A4F6289373620037D4EC /* Release */ = {
			isa = XCBuildConfiguration;
			buildSettings = {
				ALWAYS_EMBED_SWIFT_STANDARD_LIBRARIES = YES;
				BUNDLE_LOADER = "$(TEST_HOST)";
				CODE_SIGN_STYLE = Automatic;
				CURRENT_PROJECT_VERSION = 1;
				DEVELOPMENT_TEAM = 943K6F85NQ;
				GENERATE_INFOPLIST_FILE = YES;
				IPHONEOS_DEPLOYMENT_TARGET = 15.2;
				MARKETING_VERSION = 1.0;
				PRODUCT_BUNDLE_IDENTIFIER = "com.lgh.Day03-PlayLocalVideoTests";
				PRODUCT_NAME = "$(TARGET_NAME)";
				SWIFT_EMIT_LOC_STRINGS = NO;
				SWIFT_VERSION = 5.0;
				TARGETED_DEVICE_FAMILY = "1,2";
				TEST_HOST = "$(BUILT_PRODUCTS_DIR)/Day03-PlayLocalVideo.app/Day03-PlayLocalVideo";
			};
			name = Release;
		};
		77C3A4F8289373620037D4EC /* Debug */ = {
			isa = XCBuildConfiguration;
			buildSettings = {
				ALWAYS_EMBED_SWIFT_STANDARD_LIBRARIES = YES;
				CODE_SIGN_STYLE = Automatic;
				CURRENT_PROJECT_VERSION = 1;
				DEVELOPMENT_TEAM = 943K6F85NQ;
				GENERATE_INFOPLIST_FILE = YES;
				MARKETING_VERSION = 1.0;
				PRODUCT_BUNDLE_IDENTIFIER = "com.lgh.Day03-PlayLocalVideoUITests";
				PRODUCT_NAME = "$(TARGET_NAME)";
				SWIFT_EMIT_LOC_STRINGS = NO;
				SWIFT_VERSION = 5.0;
				TARGETED_DEVICE_FAMILY = "1,2";
				TEST_TARGET_NAME = "Day03-PlayLocalVideo";
			};
			name = Debug;
		};
		77C3A4F9289373620037D4EC /* Release */ = {
			isa = XCBuildConfiguration;
			buildSettings = {
				ALWAYS_EMBED_SWIFT_STANDARD_LIBRARIES = YES;
				CODE_SIGN_STYLE = Automatic;
				CURRENT_PROJECT_VERSION = 1;
				DEVELOPMENT_TEAM = 943K6F85NQ;
				GENERATE_INFOPLIST_FILE = YES;
				MARKETING_VERSION = 1.0;
				PRODUCT_BUNDLE_IDENTIFIER = "com.lgh.Day03-PlayLocalVideoUITests";
				PRODUCT_NAME = "$(TARGET_NAME)";
				SWIFT_EMIT_LOC_STRINGS = NO;
				SWIFT_VERSION = 5.0;
				TARGETED_DEVICE_FAMILY = "1,2";
				TEST_TARGET_NAME = "Day03-PlayLocalVideo";
			};
			name = Release;
		};
/* End XCBuildConfiguration section */

/* Begin XCConfigurationList section */
		77C3A4C22893735E0037D4EC /* Build configuration list for PBXProject "Day03-PlayLocalVideo" */ = {
			isa = XCConfigurationList;
			buildConfigurations = (
				77C3A4EF289373620037D4EC /* Debug */,
				77C3A4F0289373620037D4EC /* Release */,
			);
			defaultConfigurationIsVisible = 0;
			defaultConfigurationName = Release;
		};
		77C3A4F1289373620037D4EC /* Build configuration list for PBXNativeTarget "Day03-PlayLocalVideo" */ = {
			isa = XCConfigurationList;
			buildConfigurations = (
				77C3A4F2289373620037D4EC /* Debug */,
				77C3A4F3289373620037D4EC /* Release */,
			);
			defaultConfigurationIsVisible = 0;
			defaultConfigurationName = Release;
		};
		77C3A4F4289373620037D4EC /* Build configuration list for PBXNativeTarget "Day03-PlayLocalVideoTests" */ = {
			isa = XCConfigurationList;
			buildConfigurations = (
				77C3A4F5289373620037D4EC /* Debug */,
				77C3A4F6289373620037D4EC /* Release */,
			);
			defaultConfigurationIsVisible = 0;
			defaultConfigurationName = Release;
		};
		77C3A4F7289373620037D4EC /* Build configuration list for PBXNativeTarget "Day03-PlayLocalVideoUITests" */ = {
			isa = XCConfigurationList;
			buildConfigurations = (
				77C3A4F8289373620037D4EC /* Debug */,
				77C3A4F9289373620037D4EC /* Release */,
			);
			defaultConfigurationIsVisible = 0;
			defaultConfigurationName = Release;
		};
/* End XCConfigurationList section */
	};
	rootObject = 77C3A4BF2893735E0037D4EC /* Project object */;
}
